
Microsoft Visual Studio Solution File, Format Version 12.00
# Visual Studio 2013
VisualStudioVersion = 12.0.30501.0
MinimumVisualStudioVersion = 10.0.40219.1
Project("{8BC9CEB8-8B4A-11D0-8D11-00A0C91BC942}") = "栈的压入弹出序列", "栈的压入弹出序列\栈的压入弹出序列.vcxproj", "{23621890-244B-48ED-B230-54ED9B368021}"
EndProject
Global
	GlobalSection(SolutionConfigurationPlatforms) = preSolution
		Debug|Win32 = Debug|Win32
		Release|Win32 = Release|Win32
	EndGlobalSection
	GlobalSection(ProjectConfigurationPlatforms) = postSolution
		{23621890-244B-48ED-B230-54ED9B368021}.Debug|Win32.ActiveCfg = Debug|Win32
		{23621890-244B-48ED-B230-54ED9B368021}.Debug|Win32.Build.0 = Debug|Win32
		{23621890-244B-48ED-B230-54ED9B368021}.Release|Win32.ActiveCfg = Release|Win32
		{23621890-244B-48ED-B230-54ED9B368021}.Release|Win32.Build.0 = Release|Win32
	EndGlobalSection
	GlobalSection(SolutionProperties) = preSolution
		HideSolutionNode = FALSE
	EndGlobalSection
EndGlobal
